{
    "_meta": {
        "sources": [
            {
                "url": "https://pypi.org/",
                "verify_ssl": true
            }
        ],
        "requires": {},
        "hash": {
            "sha256": "d6fbf84efac616eec661d8ebd66ad0de5bafa8eca9f7e5c1de6ba608e3d97347"
        }
    },
    "default": {},
    "develop": {}
}